# THIS IS AN AUTOGENERATED FILE. DO NOT EDIT THIS FILE DIRECTLY.
# yarn lockfile v1


jsga-feklee@^1.1.1:
  version "1.1.1"
  resolved "https://registry.yarnpkg.com/jsga-feklee/-/jsga-feklee-1.1.1.tgz#0fd5cb6a2ee15df778e8992efdeac6bf9cfbe4b2"

reset-css@^3.0.0:
  version "3.0.0"
  resolved "https://registry.yarnpkg.com/reset-css/-/reset-css-3.0.0.tgz#9b421d34fefc6e5d5b915ee7bfd72b1bc19cfbb0"

source-code-pro@^2.30.1:
  version "2.30.1"
  resolved "https://registry.yarnpkg.com/source-code-pro/-/source-code-pro-2.30.1.tgz#18410cf9ed8c76cbcf71bb99347531b9588573a2"
